
Microsoft Visual Studio Solution File, Format Version 12.00
# Visual Studio 15
VisualStudioVersion = 15.0.26730.16
MinimumVisualStudioVersion = 10.0.40219.1
Project("{FAE04EC0-301F-11D3-BF4B-00C04F79EFBC}") = "HighlightPlayer", "HighlightPlayer\HighlightPlayer.csproj", "{46542401-AB08-4352-A55D-3E50DA8A8267}"
EndProject
Project("{FAE04EC0-301F-11D3-BF4B-00C04F79EFBC}") = "HighlightLib", "HighlightLib\HighlightLib.csproj", "{5F053784-9DAF-40B9-9250-037BFD300B44}"
EndProject
Global
	GlobalSection(SolutionConfigurationPlatforms) = preSolution
		Debug|Any CPU = Debug|Any CPU
		Release|Any CPU = Release|Any CPU
	EndGlobalSection
	GlobalSection(ProjectConfigurationPlatforms) = postSolution
		{46542401-AB08-4352-A55D-3E50DA8A8267}.Debug|Any CPU.ActiveCfg = Debug|Any CPU
		{46542401-AB08-4352-A55D-3E50DA8A8267}.Debug|Any CPU.Build.0 = Debug|Any CPU
		{46542401-AB08-4352-A55D-3E50DA8A8267}.Release|Any CPU.ActiveCfg = Release|Any CPU
		{46542401-AB08-4352-A55D-3E50DA8A8267}.Release|Any CPU.Build.0 = Release|Any CPU
		{5F053784-9DAF-40B9-9250-037BFD300B44}.Debug|Any CPU.ActiveCfg = Debug|Any CPU
		{5F053784-9DAF-40B9-9250-037BFD300B44}.Debug|Any CPU.Build.0 = Debug|Any CPU
		{5F053784-9DAF-40B9-9250-037BFD300B44}.Release|Any CPU.ActiveCfg = Release|Any CPU
		{5F053784-9DAF-40B9-9250-037BFD300B44}.Release|Any CPU.Build.0 = Release|Any CPU
	EndGlobalSection
	GlobalSection(SolutionProperties) = preSolution
		HideSolutionNode = FALSE
	EndGlobalSection
EndGlobal
